
Microsoft Visual Studio Solution File, Format Version 12.00
# Visual Studio Version 17
VisualStudioVersion = 17.4.33122.133
MinimumVisualStudioVersion = 10.0.40219.1
Project("{9A19103F-16F7-4668-BE54-9A1E7A4F7556}") = "Finthrive.Assessment", "Finthrive.Assessment\Finthrive.Assessment.csproj", "{5D48C05E-5006-43BC-93F8-4B7D6A0B8F97}"
EndProject
Project("{9A19103F-16F7-4668-BE54-9A1E7A4F7556}") = "Finthrive.Assessment.Test", "Finthrive.Assessment.Test\Finthrive.Assessment.Test.csproj", "{80CC68B5-7192-48D3-9249-C3BC77FB11F2}"
EndProject
Project("{FAE04EC0-301F-11D3-BF4B-00C04F79EFBC}") = "Finthrive.Assessment.ForTesting", "Finthrive.Assessment.ForTesting\Finthrive.Assessment.ForTesting.csproj", "{D42D669C-80BE-4B5A-AA52-6B18EA79D9FA}"
EndProject
Global
	GlobalSection(SolutionConfigurationPlatforms) = preSolution
		Debug|Any CPU = Debug|Any CPU
		Release|Any CPU = Release|Any CPU
	EndGlobalSection
	GlobalSection(ProjectConfigurationPlatforms) = postSolution
		{5D48C05E-5006-43BC-93F8-4B7D6A0B8F97}.Debug|Any CPU.ActiveCfg = Debug|Any CPU
		{5D48C05E-5006-43BC-93F8-4B7D6A0B8F97}.Debug|Any CPU.Build.0 = Debug|Any CPU
		{5D48C05E-5006-43BC-93F8-4B7D6A0B8F97}.Release|Any CPU.ActiveCfg = Release|Any CPU
		{5D48C05E-5006-43BC-93F8-4B7D6A0B8F97}.Release|Any CPU.Build.0 = Release|Any CPU
		{80CC68B5-7192-48D3-9249-C3BC77FB11F2}.Debug|Any CPU.ActiveCfg = Debug|Any CPU
		{80CC68B5-7192-48D3-9249-C3BC77FB11F2}.Debug|Any CPU.Build.0 = Debug|Any CPU
		{80CC68B5-7192-48D3-9249-C3BC77FB11F2}.Release|Any CPU.ActiveCfg = Release|Any CPU
		{80CC68B5-7192-48D3-9249-C3BC77FB11F2}.Release|Any CPU.Build.0 = Release|Any CPU
		{D42D669C-80BE-4B5A-AA52-6B18EA79D9FA}.Debug|Any CPU.ActiveCfg = Debug|Any CPU
		{D42D669C-80BE-4B5A-AA52-6B18EA79D9FA}.Debug|Any CPU.Build.0 = Debug|Any CPU
		{D42D669C-80BE-4B5A-AA52-6B18EA79D9FA}.Release|Any CPU.ActiveCfg = Release|Any CPU
		{D42D669C-80BE-4B5A-AA52-6B18EA79D9FA}.Release|Any CPU.Build.0 = Release|Any CPU
	EndGlobalSection
	GlobalSection(SolutionProperties) = preSolution
		HideSolutionNode = FALSE
	EndGlobalSection
	GlobalSection(ExtensibilityGlobals) = postSolution
		SolutionGuid = {C6147ABF-B858-42FD-85E3-C422DD1D4F36}
	EndGlobalSection
EndGlobal
